// !$*UTF8*$!
{
	archiveVersion = 1;
	classes = {
	};
	objectVersion = 77;
	objects = {

/* Begin PBXBuildFile section */
		8516A4552FB7592F00F0348B /* Sticker in Frameworks */ = {isa = PBXBuildFile; productRef = 0F04323C24F449398B8E4B35 /* Sticker */; };
		D110A001000000000000A003 /* LiteRTLM in Frameworks */ = {isa = PBXBuildFile; productRef = D110A001000000000000A002 /* LiteRTLM */; };
/* End PBXBuildFile section */

/* Begin PBXContainerItemProxy section */
		41AEEFEE2FACFCF000AD4E6C /* PBXContainerItemProxy */ = {
			isa = PBXContainerItemProxy;
			containerPortal = 41AEEFD82FACFCED00AD4E6C /* Project object */;
			proxyType = 1;
			remoteGlobalIDString = 41AEEFDF2FACFCED00AD4E6C;
			remoteInfo = quack;
		};
		41AEEFF82FACFCF000AD4E6C /* PBXContainerItemProxy */ = {
			isa = PBXContainerItemProxy;
			containerPortal = 41AEEFD82FACFCED00AD4E6C /* Project object */;
			proxyType = 1;
			remoteGlobalIDString = 41AEEFDF2FACFCED00AD4E6C;
			remoteInfo = quack;
		};
/* End PBXContainerItemProxy section */

/* Begin PBXFileReference section */
		41AEEFE02FACFCED00AD4E6C /* quack.app */ = {isa = PBXFileReference; explicitFileType = wrapper.application; includeInIndex = 0; path = quack.app; sourceTree = BUILT_PRODUCTS_DIR; };
		41AEEFED2FACFCF000AD4E6C /* quackTests.xctest */ = {isa = PBXFileReference; explicitFileType = wrapper.cfbundle; includeInIndex = 0; path = quackTests.xctest; sourceTree = BUILT_PRODUCTS_DIR; };
		41AEEFF72FACFCF000AD4E6C /* quackUITests.xctest */ = {isa = PBXFileReference; explicitFileType = wrapper.cfbundle; includeInIndex = 0; path = quackUITests.xctest; sourceTree = BUILT_PRODUCTS_DIR; };
		D110A003000000000000CF01 /* LocalPaths.xcconfig */ = {isa = PBXFileReference; fileEncoding = 4; lastKnownFileType = text.xcconfig; name = LocalPaths.xcconfig; path = xcconfig/LocalPaths.xcconfig; sourceTree = SOURCE_ROOT; };
/* End PBXFileReference section */

/* Begin PBXFileSystemSynchronizedRootGroup section */
		41AEEFE22FACFCED00AD4E6C /* quack */ = {
			isa = PBXFileSystemSynchronizedRootGroup;
			path = quack;
			sourceTree = "<group>";
		};
		41AEEFF02FACFCF000AD4E6C /* quackTests */ = {
			isa = PBXFileSystemSynchronizedRootGroup;
			path = quackTests;
			sourceTree = "<group>";
		};
		41AEEFFA2FACFCF000AD4E6C /* quackUITests */ = {
			isa = PBXFileSystemSynchronizedRootGroup;
			path = quackUITests;
			sourceTree = "<group>";
		};
/* End PBXFileSystemSynchronizedRootGroup section */

/* Begin PBXFrameworksBuildPhase section */
		41AEEFDD2FACFCED00AD4E6C /* Frameworks */ = {
			isa = PBXFrameworksBuildPhase;
			buildActionMask = 2147483647;
			files = (
				8516A4552FB7592F00F0348B /* Sticker in Frameworks */,
				D110A001000000000000A003 /* LiteRTLM in Frameworks */,
			);
			runOnlyForDeploymentPostprocessing = 0;
		};
		41AEEFEA2FACFCF000AD4E6C /* Frameworks */ = {
			isa = PBXFrameworksBuildPhase;
			buildActionMask = 2147483647;
			files = (
			);
			runOnlyForDeploymentPostprocessing = 0;
		};
		41AEEFF42FACFCF000AD4E6C /* Frameworks */ = {
			isa = PBXFrameworksBuildPhase;
			buildActionMask = 2147483647;
			files = (
			);
			runOnlyForDeploymentPostprocessing = 0;
		};
/* End PBXFrameworksBuildPhase section */

/* Begin PBXGroup section */
		41AEEFD72FACFCED00AD4E6C = {
			isa = PBXGroup;
			children = (
				41AEEFE22FACFCED00AD4E6C /* quack */,
				41AEEFF02FACFCF000AD4E6C /* quackTests */,
				41AEEFFA2FACFCF000AD4E6C /* quackUITests */,
				D110A003000000000000CF01 /* LocalPaths.xcconfig */,
				41AEEFE12FACFCED00AD4E6C /* Products */,
			);
			sourceTree = "<group>";
		};
		41AEEFE12FACFCED00AD4E6C /* Products */ = {
			isa = PBXGroup;
			children = (
				41AEEFE02FACFCED00AD4E6C /* quack.app */,
				41AEEFED2FACFCF000AD4E6C /* quackTests.xctest */,
				41AEEFF72FACFCF000AD4E6C /* quackUITests.xctest */,
			);
			name = Products;
			sourceTree = "<group>";
		};
/* End PBXGroup section */

/* Begin PBXNativeTarget section */
		41AEEFDF2FACFCED00AD4E6C /* quack */ = {
			isa = PBXNativeTarget;
			buildConfigurationList = 41AEF0012FACFCF000AD4E6C /* Build configuration list for PBXNativeTarget "quack" */;
			buildPhases = (
				41AEEFDC2FACFCED00AD4E6C /* Sources */,
				41AEEFDD2FACFCED00AD4E6C /* Frameworks */,
				41AEEFDE2FACFCED00AD4E6C /* Resources */,
				D110A003000000000000AC01 /* Copy LiteRT Model */,
				D110A003000000000000AE01 /* Embed LiteRT Dylib */,
			);
			buildRules = (
			);
			dependencies = (
			);
			fileSystemSynchronizedGroups = (
				41AEEFE22FACFCED00AD4E6C /* quack */,
			);
			name = quack;
			packageProductDependencies = (
				0F04323C24F449398B8E4B35 /* Sticker */,
				D110A001000000000000A002 /* LiteRTLM */,
			);
			productName = quack;
			productReference = 41AEEFE02FACFCED00AD4E6C /* quack.app */;
			productType = "com.apple.product-type.application";
		};
		41AEEFEC2FACFCF000AD4E6C /* quackTests */ = {
			isa = PBXNativeTarget;
			buildConfigurationList = 41AEF0042FACFCF000AD4E6C /* Build configuration list for PBXNativeTarget "quackTests" */;
			buildPhases = (
				41AEEFE92FACFCF000AD4E6C /* Sources */,
				41AEEFEA2FACFCF000AD4E6C /* Frameworks */,
				41AEEFEB2FACFCF000AD4E6C /* Resources */,
			);
			buildRules = (
			);
			dependencies = (
				41AEEFEF2FACFCF000AD4E6C /* PBXTargetDependency */,
			);
			fileSystemSynchronizedGroups = (
				41AEEFF02FACFCF000AD4E6C /* quackTests */,
			);
			name = quackTests;
			packageProductDependencies = (
			);
			productName = quackTests;
			productReference = 41AEEFED2FACFCF000AD4E6C /* quackTests.xctest */;
			productType = "com.apple.product-type.bundle.unit-test";
		};
		41AEEFF62FACFCF000AD4E6C /* quackUITests */ = {
			isa = PBXNativeTarget;
			buildConfigurationList = 41AEF0072FACFCF000AD4E6C /* Build configuration list for PBXNativeTarget "quackUITests" */;
			buildPhases = (
				41AEEFF32FACFCF000AD4E6C /* Sources */,
				41AEEFF42FACFCF000AD4E6C /* Frameworks */,
				41AEEFF52FACFCF000AD4E6C /* Resources */,
			);
			buildRules = (
			);
			dependencies = (
				41AEEFF92FACFCF000AD4E6C /* PBXTargetDependency */,
			);
			fileSystemSynchronizedGroups = (
				41AEEFFA2FACFCF000AD4E6C /* quackUITests */,
			);
			name = quackUITests;
			packageProductDependencies = (
			);
			productName = quackUITests;
			productReference = 41AEEFF72FACFCF000AD4E6C /* quackUITests.xctest */;
			productType = "com.apple.product-type.bundle.ui-testing";
		};
/* End PBXNativeTarget section */

/* Begin PBXProject section */
		41AEEFD82FACFCED00AD4E6C /* Project object */ = {
			isa = PBXProject;
			attributes = {
				BuildIndependentTargetsInParallel = 1;
				LastSwiftUpdateCheck = 1640;
				LastUpgradeCheck = 1640;
				TargetAttributes = {
					41AEEFDF2FACFCED00AD4E6C = {
						CreatedOnToolsVersion = 16.4;
					};
					41AEEFEC2FACFCF000AD4E6C = {
						CreatedOnToolsVersion = 16.4;
						TestTargetID = 41AEEFDF2FACFCED00AD4E6C;
					};
					41AEEFF62FACFCF000AD4E6C = {
						CreatedOnToolsVersion = 16.4;
						TestTargetID = 41AEEFDF2FACFCED00AD4E6C;
					};
				};
			};
			buildConfigurationList = 41AEEFDB2FACFCED00AD4E6C /* Build configuration list for PBXProject "quack" */;
			developmentRegion = en;
			hasScannedForEncodings = 0;
			knownRegions = (
				en,
				Base,
			);
			mainGroup = 41AEEFD72FACFCED00AD4E6C;
			minimizedProjectReferenceProxies = 1;
			packageReferences = (
				4109B6DB2FB4BE20004139CB /* XCRemoteSwiftPackageReference "Sticker" */,
				D110A001000000000000A001 /* XCLocalSwiftPackageReference "../Swift/litertrepo" */,
			);
			preferredProjectObjectVersion = 77;
			productRefGroup = 41AEEFE12FACFCED00AD4E6C /* Products */;
			projectDirPath = "";
			projectRoot = "";
			targets = (
				41AEEFDF2FACFCED00AD4E6C /* quack */,
				41AEEFEC2FACFCF000AD4E6C /* quackTests */,
				41AEEFF62FACFCF000AD4E6C /* quackUITests */,
			);
		};
/* End PBXProject section */

/* Begin PBXResourcesBuildPhase section */
		41AEEFDE2FACFCED00AD4E6C /* Resources */ = {
			isa = PBXResourcesBuildPhase;
			buildActionMask = 2147483647;
			files = (
			);
			runOnlyForDeploymentPostprocessing = 0;
		};
		41AEEFEB2FACFCF000AD4E6C /* Resources */ = {
			isa = PBXResourcesBuildPhase;
			buildActionMask = 2147483647;
			files = (
			);
			runOnlyForDeploymentPostprocessing = 0;
		};
		41AEEFF52FACFCF000AD4E6C /* Resources */ = {
			isa = PBXResourcesBuildPhase;
			buildActionMask = 2147483647;
			files = (
			);
			runOnlyForDeploymentPostprocessing = 0;
		};
/* End PBXResourcesBuildPhase section */

/* Begin PBXShellScriptBuildPhase section */
		D110A003000000000000AC01 /* Copy LiteRT Model */ = {
			isa = PBXShellScriptBuildPhase;
			buildActionMask = 2147483647;
			files = (
			);
			inputPaths = (
				"$(LITERT_MODEL_DIR)/gemma-4-E2B-it.litertlm",
				"$(LITERT_MODEL_DIR)/chat_template.jinja",
			);
			name = "Copy LiteRT Model";
			outputPaths = (
				"$(TARGET_BUILD_DIR)/$(UNLOCALIZED_RESOURCES_FOLDER_PATH)/gemma-4-E2B-it.litertlm",
				"$(TARGET_BUILD_DIR)/$(UNLOCALIZED_RESOURCES_FOLDER_PATH)/chat_template.jinja",
			);
			runOnlyForDeploymentPostprocessing = 0;
			shellPath = /bin/sh;
			shellScript = "set -e\nDEST=\"${TARGET_BUILD_DIR}/${UNLOCALIZED_RESOURCES_FOLDER_PATH}\"\nfor FILE in \"gemma-4-E2B-it.litertlm\" \"chat_template.jinja\"; do\n    SRC=\"${LITERT_MODEL_DIR}/${FILE}\"\n    if [ ! -f \"$SRC\" ]; then\n        echo \"error: LiteRT resource not found: $SRC\"\n        echo \"hint: Set LITERT_MODEL_DIR in xcconfig/LocalPaths.xcconfig\"\n        exit 1\n    fi\n    cp \"$SRC\" \"${DEST}/${FILE}\"\ndone\n";
		};
		D110A003000000000000AE01 /* Embed LiteRT Dylib */ = {
			isa = PBXShellScriptBuildPhase;
			buildActionMask = 2147483647;
			files = (
			);
			inputPaths = (
				"$(LITERT_PREBUILT_DIR)/libGemmaModelConstraintProvider.dylib",
			);
			name = "Embed LiteRT Dylib";
			outputPaths = (
				"$(TARGET_BUILD_DIR)/$(FRAMEWORKS_FOLDER_PATH)/libGemmaModelConstraintProvider.dylib",
			);
			runOnlyForDeploymentPostprocessing = 0;
			shellPath = /bin/sh;
			shellScript = "set -e\nDYLIB_NAME=\"libGemmaModelConstraintProvider.dylib\"\nSRC=\"${LITERT_PREBUILT_DIR}/${DYLIB_NAME}\"\nDEST=\"${TARGET_BUILD_DIR}/${FRAMEWORKS_FOLDER_PATH}/${DYLIB_NAME}\"\nif [ ! -f \"$SRC\" ]; then\n    echo \"error: LiteRT dylib not found: $SRC\"\n    echo \"hint: Set LITERT_PREBUILT_DIR in xcconfig/LocalPaths.xcconfig\"\n    exit 1\nfi\nmkdir -p \"$(dirname \\\"$DEST\\\")\"\ncp \"$SRC\" \"$DEST\"\nif [ \"${CODE_SIGNING_REQUIRED}\" = \"YES\" ] && [ -n \"${EXPANDED_CODE_SIGN_IDENTITY}\" ]; then\n    codesign --force --sign \"${EXPANDED_CODE_SIGN_IDENTITY}\" --preserve-metadata=identifier,entitlements \"${DEST}\"\nfi\n";
		};
/* End PBXShellScriptBuildPhase section */

/* Begin PBXSourcesBuildPhase section */
		41AEEFDC2FACFCED00AD4E6C /* Sources */ = {
			isa = PBXSourcesBuildPhase;
			buildActionMask = 2147483647;
			files = (
			);
			runOnlyForDeploymentPostprocessing = 0;
		};
		41AEEFE92FACFCF000AD4E6C /* Sources */ = {
			isa = PBXSourcesBuildPhase;
			buildActionMask = 2147483647;
			files = (
			);
			runOnlyForDeploymentPostprocessing = 0;
		};
		41AEEFF32FACFCF000AD4E6C /* Sources */ = {
			isa = PBXSourcesBuildPhase;
			buildActionMask = 2147483647;
			files = (
			);
			runOnlyForDeploymentPostprocessing = 0;
		};
/* End PBXSourcesBuildPhase section */

/* Begin PBXTargetDependency section */
		41AEEFEF2FACFCF000AD4E6C /* PBXTargetDependency */ = {
			isa = PBXTargetDependency;
			target = 41AEEFDF2FACFCED00AD4E6C /* quack */;
			targetProxy = 41AEEFEE2FACFCF000AD4E6C /* PBXContainerItemProxy */;
		};
		41AEEFF92FACFCF000AD4E6C /* PBXTargetDependency */ = {
			isa = PBXTargetDependency;
			target = 41AEEFDF2FACFCED00AD4E6C /* quack */;
			targetProxy = 41AEEFF82FACFCF000AD4E6C /* PBXContainerItemProxy */;
		};
/* End PBXTargetDependency section */

/* Begin XCBuildConfiguration section */
		41AEEFFF2FACFCF000AD4E6C /* Debug */ = {
			isa = XCBuildConfiguration;
			buildSettings = {
				ALWAYS_SEARCH_USER_PATHS = NO;
				ASSETCATALOG_COMPILER_GENERATE_SWIFT_ASSET_SYMBOL_EXTENSIONS = YES;
				CLANG_ANALYZER_NONNULL = YES;
				CLANG_ANALYZER_NUMBER_OBJECT_CONVERSION = YES_AGGRESSIVE;
				CLANG_CXX_LANGUAGE_STANDARD = "gnu++20";
				CLANG_ENABLE_MODULES = YES;
				CLANG_ENABLE_OBJC_ARC = YES;
				CLANG_ENABLE_OBJC_WEAK = YES;
				CLANG_WARN_BLOCK_CAPTURE_AUTORELEASING = YES;
				CLANG_WARN_BOOL_CONVERSION = YES;
				CLANG_WARN_COMMA = YES;
				CLANG_WARN_CONSTANT_CONVERSION = YES;
				CLANG_WARN_DEPRECATED_OBJC_IMPLEMENTATIONS = YES;
				CLANG_WARN_DIRECT_OBJC_ISA_USAGE = YES_ERROR;
				CLANG_WARN_DOCUMENTATION_COMMENTS = YES;
				CLANG_WARN_EMPTY_BODY = YES;
				CLANG_WARN_ENUM_CONVERSION = YES;
				CLANG_WARN_INFINITE_RECURSION = YES;
				CLANG_WARN_INT_CONVERSION = YES;
				CLANG_WARN_NON_LITERAL_NULL_CONVERSION = YES;
				CLANG_WARN_OBJC_IMPLICIT_RETAIN_SELF = YES;
				CLANG_WARN_OBJC_LITERAL_CONVERSION = YES;
				CLANG_WARN_OBJC_ROOT_CLASS = YES_ERROR;
				CLANG_WARN_QUOTED_INCLUDE_IN_FRAMEWORK_HEADER = YES;
				CLANG_WARN_RANGE_LOOP_ANALYSIS = YES;
				CLANG_WARN_STRICT_PROTOTYPES = YES;
				CLANG_WARN_SUSPICIOUS_MOVE = YES;
				CLANG_WARN_UNGUARDED_AVAILABILITY = YES_AGGRESSIVE;
				CLANG_WARN_UNREACHABLE_CODE = YES;
				CLANG_WARN__DUPLICATE_METHOD_MATCH = YES;
				COPY_PHASE_STRIP = NO;
				DEBUG_INFORMATION_FORMAT = dwarf;
				DEVELOPMENT_TEAM = 4JH6AF2L77;
				ENABLE_STRICT_OBJC_MSGSEND = YES;
				ENABLE_TESTABILITY = YES;
				ENABLE_USER_SCRIPT_SANDBOXING = YES;
				GCC_C_LANGUAGE_STANDARD = gnu17;
				GCC_DYNAMIC_NO_PIC = NO;
				GCC_NO_COMMON_BLOCKS = YES;
				GCC_OPTIMIZATION_LEVEL = 0;
				GCC_PREPROCESSOR_DEFINITIONS = (
					"DEBUG=1",
					"$(inherited)",
				);
				GCC_WARN_64_TO_32_BIT_CONVERSION = YES;
				GCC_WARN_ABOUT_RETURN_TYPE = YES_ERROR;
				GCC_WARN_UNDECLARED_SELECTOR = YES;
				GCC_WARN_UNINITIALIZED_AUTOS = YES_AGGRESSIVE;
				GCC_WARN_UNUSED_FUNCTION = YES;
				GCC_WARN_UNUSED_VARIABLE = YES;
				IPHONEOS_DEPLOYMENT_TARGET = 18.5;
				LOCALIZATION_PREFERS_STRING_CATALOGS = YES;
				MTL_ENABLE_DEBUG_INFO = INCLUDE_SOURCE;
				MTL_FAST_MATH = YES;
				ONLY_ACTIVE_ARCH = YES;
				SDKROOT = iphoneos;
				SWIFT_ACTIVE_COMPILATION_CONDITIONS = "DEBUG $(inherited)";
				SWIFT_OPTIMIZATION_LEVEL = "-Onone";
			};
			name = Debug;
		};
		41AEF0002FACFCF000AD4E6C /* Release */ = {
			isa = XCBuildConfiguration;
			buildSettings = {
				ALWAYS_SEARCH_USER_PATHS = NO;
				ASSETCATALOG_COMPILER_GENERATE_SWIFT_ASSET_SYMBOL_EXTENSIONS = YES;
				CLANG_ANALYZER_NONNULL = YES;
				CLANG_ANALYZER_NUMBER_OBJECT_CONVERSION = YES_AGGRESSIVE;
				CLANG_CXX_LANGUAGE_STANDARD = "gnu++20";
				CLANG_ENABLE_MODULES = YES;
				CLANG_ENABLE_OBJC_ARC = YES;
				CLANG_ENABLE_OBJC_WEAK = YES;
				CLANG_WARN_BLOCK_CAPTURE_AUTORELEASING = YES;
				CLANG_WARN_BOOL_CONVERSION = YES;
				CLANG_WARN_COMMA = YES;
				CLANG_WARN_CONSTANT_CONVERSION = YES;
				CLANG_WARN_DEPRECATED_OBJC_IMPLEMENTATIONS = YES;
				CLANG_WARN_DIRECT_OBJC_ISA_USAGE = YES_ERROR;
				CLANG_WARN_DOCUMENTATION_COMMENTS = YES;
				CLANG_WARN_EMPTY_BODY = YES;
				CLANG_WARN_ENUM_CONVERSION = YES;
				CLANG_WARN_INFINITE_RECURSION = YES;
				CLANG_WARN_INT_CONVERSION = YES;
				CLANG_WARN_NON_LITERAL_NULL_CONVERSION = YES;
				CLANG_WARN_OBJC_IMPLICIT_RETAIN_SELF = YES;
				CLANG_WARN_OBJC_LITERAL_CONVERSION = YES;
				CLANG_WARN_OBJC_ROOT_CLASS = YES_ERROR;
				CLANG_WARN_QUOTED_INCLUDE_IN_FRAMEWORK_HEADER = YES;
				CLANG_WARN_RANGE_LOOP_ANALYSIS = YES;
				CLANG_WARN_STRICT_PROTOTYPES = YES;
				CLANG_WARN_SUSPICIOUS_MOVE = YES;
				CLANG_WARN_UNGUARDED_AVAILABILITY = YES_AGGRESSIVE;
				CLANG_WARN_UNREACHABLE_CODE = YES;
				CLANG_WARN__DUPLICATE_METHOD_MATCH = YES;
				COPY_PHASE_STRIP = NO;
				DEBUG_INFORMATION_FORMAT = "dwarf-with-dsym";
				DEVELOPMENT_TEAM = 4JH6AF2L77;
				ENABLE_NS_ASSERTIONS = NO;
				ENABLE_STRICT_OBJC_MSGSEND = YES;
				ENABLE_USER_SCRIPT_SANDBOXING = YES;
				GCC_C_LANGUAGE_STANDARD = gnu17;
				GCC_NO_COMMON_BLOCKS = YES;
				GCC_WARN_64_TO_32_BIT_CONVERSION = YES;
				GCC_WARN_ABOUT_RETURN_TYPE = YES_ERROR;
				GCC_WARN_UNDECLARED_SELECTOR = YES;
				GCC_WARN_UNINITIALIZED_AUTOS = YES_AGGRESSIVE;
				GCC_WARN_UNUSED_FUNCTION = YES;
				GCC_WARN_UNUSED_VARIABLE = YES;
				IPHONEOS_DEPLOYMENT_TARGET = 18.5;
				LOCALIZATION_PREFERS_STRING_CATALOGS = YES;
				MTL_ENABLE_DEBUG_INFO = NO;
				MTL_FAST_MATH = YES;
				SDKROOT = iphoneos;
				SWIFT_COMPILATION_MODE = wholemodule;
				VALIDATE_PRODUCT = YES;
			};
			name = Release;
		};
		41AEF0022FACFCF000AD4E6C /* Debug */ = {
			isa = XCBuildConfiguration;
			baseConfigurationReference = D110A003000000000000CF01 /* LocalPaths.xcconfig */;
			buildSettings = {
				ASSETCATALOG_COMPILER_APPICON_NAME = AppIcon;
				ASSETCATALOG_COMPILER_GLOBAL_ACCENT_COLOR_NAME = AccentColor;
				CODE_SIGN_ENTITLEMENTS = quack/quack.entitlements;
				CODE_SIGN_STYLE = Automatic;
				CURRENT_PROJECT_VERSION = 1;
				DEVELOPMENT_TEAM = A642FFR346;
				ENABLE_PREVIEWS = YES;
				ENABLE_USER_SCRIPT_SANDBOXING = NO;
				GENERATE_INFOPLIST_FILE = YES;
				INFOPLIST_KEY_NSCameraUsageDescription = "Quack uses the camera so the duck can see and recognize the objects you point at.";
				INFOPLIST_KEY_NSMicrophoneUsageDescription = "Quack uses the microphone to hear you say new words and give pronunciation feedback.";
				INFOPLIST_KEY_UIApplicationSceneManifest_Generation = YES;
				INFOPLIST_KEY_UIApplicationSupportsIndirectInputEvents = YES;
				INFOPLIST_KEY_UILaunchScreen_Generation = YES;
				INFOPLIST_KEY_UISupportedInterfaceOrientations_iPad = "UIInterfaceOrientationPortrait UIInterfaceOrientationPortraitUpsideDown UIInterfaceOrientationLandscapeLeft UIInterfaceOrientationLandscapeRight";
				INFOPLIST_KEY_UISupportedInterfaceOrientations_iPhone = "UIInterfaceOrientationPortrait UIInterfaceOrientationLandscapeLeft UIInterfaceOrientationLandscapeRight";
				LD_RUNPATH_SEARCH_PATHS = (
					"$(inherited)",
					"@executable_path/Frameworks",
				);
				LITERT_MODEL_DIR = "$(SRCROOT)/litertllm/gemma-e2b";
				LITERT_PREBUILT_DIR = "$(SRCROOT)/../Swift/litertrepo/prebuilt/ios_arm64";
				MARKETING_VERSION = 1.0;
				OTHER_LDFLAGS = (
					"-lc++",
					"-framework",
					AVFoundation,
					"-framework",
					AudioToolbox,
				);
				PRODUCT_BUNDLE_IDENTIFIER = MIT.quack;
				PRODUCT_NAME = "$(TARGET_NAME)";
				SWIFT_EMIT_LOC_STRINGS = YES;
				SWIFT_VERSION = 5.0;
				TARGETED_DEVICE_FAMILY = "1,2";
			};
			name = Debug;
		};
		41AEF0032FACFCF000AD4E6C /* Release */ = {
			isa = XCBuildConfiguration;
			baseConfigurationReference = D110A003000000000000CF01 /* LocalPaths.xcconfig */;
			buildSettings = {
				ASSETCATALOG_COMPILER_APPICON_NAME = AppIcon;
				ASSETCATALOG_COMPILER_GLOBAL_ACCENT_COLOR_NAME = AccentColor;
				CODE_SIGN_ENTITLEMENTS = quack/quack.entitlements;
				CODE_SIGN_STYLE = Automatic;
				CURRENT_PROJECT_VERSION = 1;
				DEVELOPMENT_TEAM = A642FFR346;
				ENABLE_PREVIEWS = YES;
				ENABLE_USER_SCRIPT_SANDBOXING = NO;
				GENERATE_INFOPLIST_FILE = YES;
				INFOPLIST_KEY_NSCameraUsageDescription = "Quack uses the camera so the duck can see and recognize the objects you point at.";
				INFOPLIST_KEY_NSMicrophoneUsageDescription = "Quack uses the microphone to hear you say new words and give pronunciation feedback.";
				INFOPLIST_KEY_UIApplicationSceneManifest_Generation = YES;
				INFOPLIST_KEY_UIApplicationSupportsIndirectInputEvents = YES;
				INFOPLIST_KEY_UILaunchScreen_Generation = YES;
				INFOPLIST_KEY_UISupportedInterfaceOrientations_iPad = "UIInterfaceOrientationPortrait UIInterfaceOrientationPortraitUpsideDown UIInterfaceOrientationLandscapeLeft UIInterfaceOrientationLandscapeRight";
				INFOPLIST_KEY_UISupportedInterfaceOrientations_iPhone = "UIInterfaceOrientationPortrait UIInterfaceOrientationLandscapeLeft UIInterfaceOrientationLandscapeRight";
				LD_RUNPATH_SEARCH_PATHS = (
					"$(inherited)",
					"@executable_path/Frameworks",
				);
				LITERT_MODEL_DIR = "$(SRCROOT)/litertllm/gemma-e2b";
				LITERT_PREBUILT_DIR = "$(SRCROOT)/../Swift/litertrepo/prebuilt/ios_arm64";
				MARKETING_VERSION = 1.0;
				OTHER_LDFLAGS = (
					"-lc++",
					"-framework",
					AVFoundation,
					"-framework",
					AudioToolbox,
				);
				PRODUCT_BUNDLE_IDENTIFIER = MIT.quack;
				PRODUCT_NAME = "$(TARGET_NAME)";
				SWIFT_EMIT_LOC_STRINGS = YES;
				SWIFT_VERSION = 5.0;
				TARGETED_DEVICE_FAMILY = "1,2";
			};
			name = Release;
		};
		41AEF0052FACFCF000AD4E6C /* Debug */ = {
			isa = XCBuildConfiguration;
			buildSettings = {
				BUNDLE_LOADER = "$(TEST_HOST)";
				CODE_SIGN_STYLE = Automatic;
				CURRENT_PROJECT_VERSION = 1;
				DEVELOPMENT_TEAM = 4JH6AF2L77;
				GENERATE_INFOPLIST_FILE = YES;
				IPHONEOS_DEPLOYMENT_TARGET = 18.5;
				MARKETING_VERSION = 1.0;
				PRODUCT_BUNDLE_IDENTIFIER = com.satyaadhiyaksa.quackTests;
				PRODUCT_NAME = "$(TARGET_NAME)";
				SWIFT_EMIT_LOC_STRINGS = NO;
				SWIFT_VERSION = 5.0;
				TARGETED_DEVICE_FAMILY = "1,2";
				TEST_HOST = "$(BUILT_PRODUCTS_DIR)/quack.app/$(BUNDLE_EXECUTABLE_FOLDER_PATH)/quack";
			};
			name = Debug;
		};
		41AEF0062FACFCF000AD4E6C /* Release */ = {
			isa = XCBuildConfiguration;
			buildSettings = {
				BUNDLE_LOADER = "$(TEST_HOST)";
				CODE_SIGN_STYLE = Automatic;
				CURRENT_PROJECT_VERSION = 1;
				DEVELOPMENT_TEAM = 4JH6AF2L77;
				GENERATE_INFOPLIST_FILE = YES;
				IPHONEOS_DEPLOYMENT_TARGET = 18.5;
				MARKETING_VERSION = 1.0;
				PRODUCT_BUNDLE_IDENTIFIER = com.satyaadhiyaksa.quackTests;
				PRODUCT_NAME = "$(TARGET_NAME)";
				SWIFT_EMIT_LOC_STRINGS = NO;
				SWIFT_VERSION = 5.0;
				TARGETED_DEVICE_FAMILY = "1,2";
				TEST_HOST = "$(BUILT_PRODUCTS_DIR)/quack.app/$(BUNDLE_EXECUTABLE_FOLDER_PATH)/quack";
			};
			name = Release;
		};
		41AEF0082FACFCF000AD4E6C /* Debug */ = {
			isa = XCBuildConfiguration;
			buildSettings = {
				CODE_SIGN_STYLE = Automatic;
				CURRENT_PROJECT_VERSION = 1;
				DEVELOPMENT_TEAM = 4JH6AF2L77;
				GENERATE_INFOPLIST_FILE = YES;
				MARKETING_VERSION = 1.0;
				PRODUCT_BUNDLE_IDENTIFIER = com.satyaadhiyaksa.quackUITests;
				PRODUCT_NAME = "$(TARGET_NAME)";
				SWIFT_EMIT_LOC_STRINGS = NO;
				SWIFT_VERSION = 5.0;
				TARGETED_DEVICE_FAMILY = "1,2";
				TEST_TARGET_NAME = quack;
			};
			name = Debug;
		};
		41AEF0092FACFCF000AD4E6C /* Release */ = {
			isa = XCBuildConfiguration;
			buildSettings = {
				CODE_SIGN_STYLE = Automatic;
				CURRENT_PROJECT_VERSION = 1;
				DEVELOPMENT_TEAM = 4JH6AF2L77;
				GENERATE_INFOPLIST_FILE = YES;
				MARKETING_VERSION = 1.0;
				PRODUCT_BUNDLE_IDENTIFIER = com.satyaadhiyaksa.quackUITests;
				PRODUCT_NAME = "$(TARGET_NAME)";
				SWIFT_EMIT_LOC_STRINGS = NO;
				SWIFT_VERSION = 5.0;
				TARGETED_DEVICE_FAMILY = "1,2";
				TEST_TARGET_NAME = quack;
			};
			name = Release;
		};
/* End XCBuildConfiguration section */

/* Begin XCConfigurationList section */
		41AEEFDB2FACFCED00AD4E6C /* Build configuration list for PBXProject "quack" */ = {
			isa = XCConfigurationList;
			buildConfigurations = (
				41AEEFFF2FACFCF000AD4E6C /* Debug */,
				41AEF0002FACFCF000AD4E6C /* Release */,
			);
			defaultConfigurationIsVisible = 0;
			defaultConfigurationName = Release;
		};
		41AEF0012FACFCF000AD4E6C /* Build configuration list for PBXNativeTarget "quack" */ = {
			isa = XCConfigurationList;
			buildConfigurations = (
				41AEF0022FACFCF000AD4E6C /* Debug */,
				41AEF0032FACFCF000AD4E6C /* Release */,
			);
			defaultConfigurationIsVisible = 0;
			defaultConfigurationName = Release;
		};
		41AEF0042FACFCF000AD4E6C /* Build configuration list for PBXNativeTarget "quackTests" */ = {
			isa = XCConfigurationList;
			buildConfigurations = (
				41AEF0052FACFCF000AD4E6C /* Debug */,
				41AEF0062FACFCF000AD4E6C /* Release */,
			);
			defaultConfigurationIsVisible = 0;
			defaultConfigurationName = Release;
		};
		41AEF0072FACFCF000AD4E6C /* Build configuration list for PBXNativeTarget "quackUITests" */ = {
			isa = XCConfigurationList;
			buildConfigurations = (
				41AEF0082FACFCF000AD4E6C /* Debug */,
				41AEF0092FACFCF000AD4E6C /* Release */,
			);
			defaultConfigurationIsVisible = 0;
			defaultConfigurationName = Release;
		};
/* End XCConfigurationList section */

/* Begin XCLocalSwiftPackageReference section */
		D110A001000000000000A001 /* XCLocalSwiftPackageReference "../Swift/litertrepo" */ = {
			isa = XCLocalSwiftPackageReference;
			relativePath = ../Swift/litertrepo;
		};
/* End XCLocalSwiftPackageReference section */

/* Begin XCRemoteSwiftPackageReference section */
		4109B6DB2FB4BE20004139CB /* XCRemoteSwiftPackageReference "Sticker" */ = {
			isa = XCRemoteSwiftPackageReference;
			repositoryURL = "https://github.com/bpisano/Sticker";
			requirement = {
				kind = upToNextMajorVersion;
				minimumVersion = 1.4.0;
			};
		};
/* End XCRemoteSwiftPackageReference section */

/* Begin XCSwiftPackageProductDependency section */
		0F04323C24F449398B8E4B35 /* Sticker */ = {
			isa = XCSwiftPackageProductDependency;
			package = 4109B6DB2FB4BE20004139CB /* XCRemoteSwiftPackageReference "Sticker" */;
			productName = Sticker;
		};
		D110A001000000000000A002 /* LiteRTLM */ = {
			isa = XCSwiftPackageProductDependency;
			package = D110A001000000000000A001 /* XCLocalSwiftPackageReference "../Swift/litertrepo" */;
			productName = LiteRTLM;
		};
/* End XCSwiftPackageProductDependency section */
	};
	rootObject = 41AEEFD82FACFCED00AD4E6C /* Project object */;
}
