{
  "originHash" : "0acda52666d5f040f5916016857f4601be5b9c8cffa570e0d28ac47fd81bbed7",
  "pins" : [
    {
      "identity" : "sticker",
      "kind" : "remoteSourceControl",
      "location" : "https://github.com/bpisano/Sticker",
      "state" : {
        "revision" : "301b9e0fb802c01edb2ed25695b3ba62e9c61da3",
        "version" : "1.4.0"
      }
    }
  ],
  "version" : 3
}
